
Microsoft Visual Studio Solution File, Format Version 12.00
# Visual Studio Version 16
VisualStudioVersion = 16.0.31702.278
MinimumVisualStudioVersion = 10.0.40219.1
Project("{FAE04EC0-301F-11D3-BF4B-00C04F79EFBC}") = "Week2Question3", "Week2Question3\Week2Question3.csproj", "{901324FB-0454-4E73-9711-1447EB0FD0C9}"
EndProject
Global
	GlobalSection(SolutionConfigurationPlatforms) = preSolution
		Debug|Any CPU = Debug|Any CPU
		Release|Any CPU = Release|Any CPU
	EndGlobalSection
	GlobalSection(ProjectConfigurationPlatforms) = postSolution
		{901324FB-0454-4E73-9711-1447EB0FD0C9}.Debug|Any CPU.ActiveCfg = Debug|Any CPU
		{901324FB-0454-4E73-9711-1447EB0FD0C9}.Debug|Any CPU.Build.0 = Debug|Any CPU
		{901324FB-0454-4E73-9711-1447EB0FD0C9}.Release|Any CPU.ActiveCfg = Release|Any CPU
		{901324FB-0454-4E73-9711-1447EB0FD0C9}.Release|Any CPU.Build.0 = Release|Any CPU
	EndGlobalSection
	GlobalSection(SolutionProperties) = preSolution
		HideSolutionNode = FALSE
	EndGlobalSection
	GlobalSection(ExtensibilityGlobals) = postSolution
		SolutionGuid = {12180277-6F55-4BD6-B8E3-CDB7ED00411B}
	EndGlobalSection
EndGlobal
